
Microsoft Visual Studio Solution File, Format Version 12.00
# Visual Studio Version 16
VisualStudioVersion = 16.0.30523.141
MinimumVisualStudioVersion = 10.0.40219.1
Project("{FAE04EC0-301F-11D3-BF4B-00C04F79EFBC}") = "Biu.Projects.Cores", "Biu.Projects.Cores\Biu.Projects.Cores.csproj", "{B9D7A462-9BD8-4BE7-909E-498DF7429063}"
EndProject
Project("{2150E333-8FDC-42A3-9474-1A3956D46DE8}") = "FrameworkCore", "FrameworkCore", "{149E4160-58D1-44C1-B864-BD14F8339BEA}"
EndProject
Project("{FAE04EC0-301F-11D3-BF4B-00C04F79EFBC}") = "Test", "Test\Test.csproj", "{23EFB7EB-3FF1-4C40-8F7B-3EB2A1CA5589}"
EndProject
Global
	GlobalSection(SolutionConfigurationPlatforms) = preSolution
		Debug|Any CPU = Debug|Any CPU
		Release|Any CPU = Release|Any CPU
	EndGlobalSection
	GlobalSection(ProjectConfigurationPlatforms) = postSolution
		{B9D7A462-9BD8-4BE7-909E-498DF7429063}.Debug|Any CPU.ActiveCfg = Debug|Any CPU
		{B9D7A462-9BD8-4BE7-909E-498DF7429063}.Debug|Any CPU.Build.0 = Debug|Any CPU
		{B9D7A462-9BD8-4BE7-909E-498DF7429063}.Release|Any CPU.ActiveCfg = Release|Any CPU
		{B9D7A462-9BD8-4BE7-909E-498DF7429063}.Release|Any CPU.Build.0 = Release|Any CPU
		{23EFB7EB-3FF1-4C40-8F7B-3EB2A1CA5589}.Debug|Any CPU.ActiveCfg = Debug|Any CPU
		{23EFB7EB-3FF1-4C40-8F7B-3EB2A1CA5589}.Debug|Any CPU.Build.0 = Debug|Any CPU
		{23EFB7EB-3FF1-4C40-8F7B-3EB2A1CA5589}.Release|Any CPU.ActiveCfg = Release|Any CPU
		{23EFB7EB-3FF1-4C40-8F7B-3EB2A1CA5589}.Release|Any CPU.Build.0 = Release|Any CPU
	EndGlobalSection
	GlobalSection(SolutionProperties) = preSolution
		HideSolutionNode = FALSE
	EndGlobalSection
	GlobalSection(NestedProjects) = preSolution
		{B9D7A462-9BD8-4BE7-909E-498DF7429063} = {149E4160-58D1-44C1-B864-BD14F8339BEA}
	EndGlobalSection
	GlobalSection(ExtensibilityGlobals) = postSolution
		SolutionGuid = {8E276946-B6AA-479B-A646-C12634F0D8C9}
	EndGlobalSection
EndGlobal
